
Microsoft Visual Studio Solution File, Format Version 12.00
# Visual Studio Version 16
VisualStudioVersion = 16.0.30413.136
MinimumVisualStudioVersion = 10.0.40219.1
Project("{8BC9CEB8-8B4A-11D0-8D11-00A0C91BC942}") = "Project21", "Project21\Project21.vcxproj", "{5E26B297-4764-44FD-8245-2599EE14857A}"
EndProject
Global
	GlobalSection(SolutionConfigurationPlatforms) = preSolution
		Debug|x64 = Debug|x64
		Debug|x86 = Debug|x86
		Release|x64 = Release|x64
		Release|x86 = Release|x86
	EndGlobalSection
	GlobalSection(ProjectConfigurationPlatforms) = postSolution
		{5E26B297-4764-44FD-8245-2599EE14857A}.Debug|x64.ActiveCfg = Debug|x64
		{5E26B297-4764-44FD-8245-2599EE14857A}.Debug|x64.Build.0 = Debug|x64
		{5E26B297-4764-44FD-8245-2599EE14857A}.Debug|x86.ActiveCfg = Debug|Win32
		{5E26B297-4764-44FD-8245-2599EE14857A}.Debug|x86.Build.0 = Debug|Win32
		{5E26B297-4764-44FD-8245-2599EE14857A}.Release|x64.ActiveCfg = Release|x64
		{5E26B297-4764-44FD-8245-2599EE14857A}.Release|x64.Build.0 = Release|x64
		{5E26B297-4764-44FD-8245-2599EE14857A}.Release|x86.ActiveCfg = Release|Win32
		{5E26B297-4764-44FD-8245-2599EE14857A}.Release|x86.Build.0 = Release|Win32
	EndGlobalSection
	GlobalSection(SolutionProperties) = preSolution
		HideSolutionNode = FALSE
	EndGlobalSection
	GlobalSection(ExtensibilityGlobals) = postSolution
		SolutionGuid = {05190149-1246-4AA4-B690-46095D19A9FC}
	EndGlobalSection
EndGlobal
